
Microsoft Visual Studio Solution File, Format Version 12.00
Project("{FAE04EC0-301F-11D3-BF4B-00C04F79EFBC}") = "MyTodo", "MyTodo\MyTodo.csproj", "{09F93C35-5166-4EE2-9420-388F43419274}"
EndProject
Project("{FAE04EC0-301F-11D3-BF4B-00C04F79EFBC}") = "MyTodo.CLI", "MyTodo.CLI\MyTodo.CLI.csproj", "{7B86EABD-3362-46F7-B3C3-2A8627180A96}"
EndProject
Project("{FAE04EC0-301F-11D3-BF4B-00C04F79EFBC}") = "MyTodo.WPF", "MyTodo.WPF\MyTodo.WPF.csproj", "{BEF9A647-56EE-4EC8-A42D-7F24131BE67C}"
EndProject
Project("{FAE04EC0-301F-11D3-BF4B-00C04F79EFBC}") = "Infrastructure", "Infrastructure\Infrastructure.csproj", "{2B249798-2EA6-4F62-92FA-0DAE3A5AF7D8}"
EndProject
Project("{FAE04EC0-301F-11D3-BF4B-00C04F79EFBC}") = "Tools", "Tools\Tools.csproj", "{851A5D5D-B3A0-47F7-B8B5-D46AF5A3B5FE}"
EndProject
Global
	GlobalSection(SolutionConfigurationPlatforms) = preSolution
		Debug|Any CPU = Debug|Any CPU
		Debug|x64 = Debug|x64
		Debug|x86 = Debug|x86
		Release|Any CPU = Release|Any CPU
		Release|x64 = Release|x64
		Release|x86 = Release|x86
	EndGlobalSection
	GlobalSection(ProjectConfigurationPlatforms) = postSolution
		{09F93C35-5166-4EE2-9420-388F43419274}.Debug|Any CPU.ActiveCfg = Debug|Any CPU
		{09F93C35-5166-4EE2-9420-388F43419274}.Debug|Any CPU.Build.0 = Debug|Any CPU
		{09F93C35-5166-4EE2-9420-388F43419274}.Debug|x64.ActiveCfg = Debug|Any CPU
		{09F93C35-5166-4EE2-9420-388F43419274}.Debug|x64.Build.0 = Debug|Any CPU
		{09F93C35-5166-4EE2-9420-388F43419274}.Debug|x86.ActiveCfg = Debug|Any CPU
		{09F93C35-5166-4EE2-9420-388F43419274}.Debug|x86.Build.0 = Debug|Any CPU
		{09F93C35-5166-4EE2-9420-388F43419274}.Release|Any CPU.ActiveCfg = Release|Any CPU
		{09F93C35-5166-4EE2-9420-388F43419274}.Release|Any CPU.Build.0 = Release|Any CPU
		{09F93C35-5166-4EE2-9420-388F43419274}.Release|x64.ActiveCfg = Release|Any CPU
		{09F93C35-5166-4EE2-9420-388F43419274}.Release|x64.Build.0 = Release|Any CPU
		{09F93C35-5166-4EE2-9420-388F43419274}.Release|x86.ActiveCfg = Release|Any CPU
		{09F93C35-5166-4EE2-9420-388F43419274}.Release|x86.Build.0 = Release|Any CPU
		{7B86EABD-3362-46F7-B3C3-2A8627180A96}.Debug|Any CPU.ActiveCfg = Debug|Any CPU
		{7B86EABD-3362-46F7-B3C3-2A8627180A96}.Debug|Any CPU.Build.0 = Debug|Any CPU
		{7B86EABD-3362-46F7-B3C3-2A8627180A96}.Debug|x64.ActiveCfg = Debug|Any CPU
		{7B86EABD-3362-46F7-B3C3-2A8627180A96}.Debug|x64.Build.0 = Debug|Any CPU
		{7B86EABD-3362-46F7-B3C3-2A8627180A96}.Debug|x86.ActiveCfg = Debug|Any CPU
		{7B86EABD-3362-46F7-B3C3-2A8627180A96}.Debug|x86.Build.0 = Debug|Any CPU
		{7B86EABD-3362-46F7-B3C3-2A8627180A96}.Release|Any CPU.ActiveCfg = Release|Any CPU
		{7B86EABD-3362-46F7-B3C3-2A8627180A96}.Release|Any CPU.Build.0 = Release|Any CPU
		{7B86EABD-3362-46F7-B3C3-2A8627180A96}.Release|x64.ActiveCfg = Release|Any CPU
		{7B86EABD-3362-46F7-B3C3-2A8627180A96}.Release|x64.Build.0 = Release|Any CPU
		{7B86EABD-3362-46F7-B3C3-2A8627180A96}.Release|x86.ActiveCfg = Release|Any CPU
		{7B86EABD-3362-46F7-B3C3-2A8627180A96}.Release|x86.Build.0 = Release|Any CPU
		{BEF9A647-56EE-4EC8-A42D-7F24131BE67C}.Debug|Any CPU.ActiveCfg = Debug|Any CPU
		{BEF9A647-56EE-4EC8-A42D-7F24131BE67C}.Debug|Any CPU.Build.0 = Debug|Any CPU
		{BEF9A647-56EE-4EC8-A42D-7F24131BE67C}.Debug|x64.ActiveCfg = Debug|Any CPU
		{BEF9A647-56EE-4EC8-A42D-7F24131BE67C}.Debug|x64.Build.0 = Debug|Any CPU
		{BEF9A647-56EE-4EC8-A42D-7F24131BE67C}.Debug|x86.ActiveCfg = Debug|Any CPU
		{BEF9A647-56EE-4EC8-A42D-7F24131BE67C}.Debug|x86.Build.0 = Debug|Any CPU
		{BEF9A647-56EE-4EC8-A42D-7F24131BE67C}.Release|Any CPU.ActiveCfg = Release|Any CPU
		{BEF9A647-56EE-4EC8-A42D-7F24131BE67C}.Release|Any CPU.Build.0 = Release|Any CPU
		{BEF9A647-56EE-4EC8-A42D-7F24131BE67C}.Release|x64.ActiveCfg = Release|Any CPU
		{BEF9A647-56EE-4EC8-A42D-7F24131BE67C}.Release|x64.Build.0 = Release|Any CPU
		{BEF9A647-56EE-4EC8-A42D-7F24131BE67C}.Release|x86.ActiveCfg = Release|Any CPU
		{BEF9A647-56EE-4EC8-A42D-7F24131BE67C}.Release|x86.Build.0 = Release|Any CPU
		{2B249798-2EA6-4F62-92FA-0DAE3A5AF7D8}.Debug|Any CPU.ActiveCfg = Debug|Any CPU
		{2B249798-2EA6-4F62-92FA-0DAE3A5AF7D8}.Debug|Any CPU.Build.0 = Debug|Any CPU
		{2B249798-2EA6-4F62-92FA-0DAE3A5AF7D8}.Debug|x64.ActiveCfg = Debug|Any CPU
		{2B249798-2EA6-4F62-92FA-0DAE3A5AF7D8}.Debug|x64.Build.0 = Debug|Any CPU
		{2B249798-2EA6-4F62-92FA-0DAE3A5AF7D8}.Debug|x86.ActiveCfg = Debug|Any CPU
		{2B249798-2EA6-4F62-92FA-0DAE3A5AF7D8}.Debug|x86.Build.0 = Debug|Any CPU
		{2B249798-2EA6-4F62-92FA-0DAE3A5AF7D8}.Release|Any CPU.ActiveCfg = Release|Any CPU
		{2B249798-2EA6-4F62-92FA-0DAE3A5AF7D8}.Release|Any CPU.Build.0 = Release|Any CPU
		{2B249798-2EA6-4F62-92FA-0DAE3A5AF7D8}.Release|x64.ActiveCfg = Release|Any CPU
		{2B249798-2EA6-4F62-92FA-0DAE3A5AF7D8}.Release|x64.Build.0 = Release|Any CPU
		{2B249798-2EA6-4F62-92FA-0DAE3A5AF7D8}.Release|x86.ActiveCfg = Release|Any CPU
		{2B249798-2EA6-4F62-92FA-0DAE3A5AF7D8}.Release|x86.Build.0 = Release|Any CPU
		{851A5D5D-B3A0-47F7-B8B5-D46AF5A3B5FE}.Debug|Any CPU.ActiveCfg = Debug|Any CPU
		{851A5D5D-B3A0-47F7-B8B5-D46AF5A3B5FE}.Debug|Any CPU.Build.0 = Debug|Any CPU
		{851A5D5D-B3A0-47F7-B8B5-D46AF5A3B5FE}.Debug|x64.ActiveCfg = Debug|Any CPU
		{851A5D5D-B3A0-47F7-B8B5-D46AF5A3B5FE}.Debug|x64.Build.0 = Debug|Any CPU
		{851A5D5D-B3A0-47F7-B8B5-D46AF5A3B5FE}.Debug|x86.ActiveCfg = Debug|Any CPU
		{851A5D5D-B3A0-47F7-B8B5-D46AF5A3B5FE}.Debug|x86.Build.0 = Debug|Any CPU
		{851A5D5D-B3A0-47F7-B8B5-D46AF5A3B5FE}.Release|Any CPU.ActiveCfg = Release|Any CPU
		{851A5D5D-B3A0-47F7-B8B5-D46AF5A3B5FE}.Release|Any CPU.Build.0 = Release|Any CPU
		{851A5D5D-B3A0-47F7-B8B5-D46AF5A3B5FE}.Release|x64.ActiveCfg = Release|Any CPU
		{851A5D5D-B3A0-47F7-B8B5-D46AF5A3B5FE}.Release|x64.Build.0 = Release|Any CPU
		{851A5D5D-B3A0-47F7-B8B5-D46AF5A3B5FE}.Release|x86.ActiveCfg = Release|Any CPU
		{851A5D5D-B3A0-47F7-B8B5-D46AF5A3B5FE}.Release|x86.Build.0 = Release|Any CPU
	EndGlobalSection
	GlobalSection(SolutionProperties) = preSolution
		HideSolutionNode = FALSE
	EndGlobalSection
EndGlobal
